
Microsoft Visual Studio Solution File, Format Version 12.00
# Visual Studio Version 16
VisualStudioVersion = 16.0.32126.315
MinimumVisualStudioVersion = 10.0.40219.1
Project("{FAE04EC0-301F-11D3-BF4B-00C04F79EFBC}") = "ServiceCore", "ServiceCore\ServiceCore.csproj", "{BD2CF456-6BE7-4CDC-8E87-16B11277B12A}"
EndProject
Project("{FAE04EC0-301F-11D3-BF4B-00C04F79EFBC}") = "TestProject", "TestProject\TestProject.csproj", "{536AC5F1-34EA-4406-822E-3E63E221218C}"
EndProject
Global
	GlobalSection(SolutionConfigurationPlatforms) = preSolution
		Debug|Any CPU = Debug|Any CPU
		Release|Any CPU = Release|Any CPU
	EndGlobalSection
	GlobalSection(ProjectConfigurationPlatforms) = postSolution
		{BD2CF456-6BE7-4CDC-8E87-16B11277B12A}.Debug|Any CPU.ActiveCfg = Debug|Any CPU
		{BD2CF456-6BE7-4CDC-8E87-16B11277B12A}.Debug|Any CPU.Build.0 = Debug|Any CPU
		{BD2CF456-6BE7-4CDC-8E87-16B11277B12A}.Release|Any CPU.ActiveCfg = Release|Any CPU
		{BD2CF456-6BE7-4CDC-8E87-16B11277B12A}.Release|Any CPU.Build.0 = Release|Any CPU
		{536AC5F1-34EA-4406-822E-3E63E221218C}.Debug|Any CPU.ActiveCfg = Debug|Any CPU
		{536AC5F1-34EA-4406-822E-3E63E221218C}.Debug|Any CPU.Build.0 = Debug|Any CPU
		{536AC5F1-34EA-4406-822E-3E63E221218C}.Release|Any CPU.ActiveCfg = Release|Any CPU
		{536AC5F1-34EA-4406-822E-3E63E221218C}.Release|Any CPU.Build.0 = Release|Any CPU
	EndGlobalSection
	GlobalSection(SolutionProperties) = preSolution
		HideSolutionNode = FALSE
	EndGlobalSection
	GlobalSection(ExtensibilityGlobals) = postSolution
		SolutionGuid = {333D9487-4277-4236-9616-7E61CA3C3EE1}
	EndGlobalSection
EndGlobal
